// !$*UTF8*$!
{
	archiveVersion = 1;
	classes = {
	};
	objectVersion = 46;
	objects = {

/* Begin PBXBuildFile section */
		611785E8188C7B2F00B99D20 /* Foundation.framework in Frameworks */ = {isa = PBXBuildFile; fileRef = 611785E7188C7B2F00B99D20 /* Foundation.framework */; };
		611785EA188C7B2F00B99D20 /* CoreGraphics.framework in Frameworks */ = {isa = PBXBuildFile; fileRef = 611785E9188C7B2F00B99D20 /* CoreGraphics.framework */; };
		611785EC188C7B2F00B99D20 /* UIKit.framework in Frameworks */ = {isa = PBXBuildFile; fileRef = 611785EB188C7B2F00B99D20 /* UIKit.framework */; };
		611785F2188C7B2F00B99D20 /* InfoPlist.strings in Resources */ = {isa = PBXBuildFile; fileRef = 611785F0188C7B2F00B99D20 /* InfoPlist.strings */; };
		611785F4188C7B2F00B99D20 /* main.m in Sources */ = {isa = PBXBuildFile; fileRef = 611785F3188C7B2F00B99D20 /* main.m */; };
		611785F8188C7B2F00B99D20 /* AppDelegate.m in Sources */ = {isa = PBXBuildFile; fileRef = 611785F7188C7B2F00B99D20 /* AppDelegate.m */; };
		611785FB188C7B2F00B99D20 /* Main.storyboard in Resources */ = {isa = PBXBuildFile; fileRef = 611785F9188C7B2F00B99D20 /* Main.storyboard */; };
		611785FE188C7B2F00B99D20 /* ViewController.m in Sources */ = {isa = PBXBuildFile; fileRef = 611785FD188C7B2F00B99D20 /* ViewController.m */; };
		61178600188C7B2F00B99D20 /* Images.xcassets in Resources */ = {isa = PBXBuildFile; fileRef = 611785FF188C7B2F00B99D20 /* Images.xcassets */; };
		61178607188C7B3000B99D20 /* XCTest.framework in Frameworks */ = {isa = PBXBuildFile; fileRef = 61178606188C7B3000B99D20 /* XCTest.framework */; };
		61178608188C7B3000B99D20 /* Foundation.framework in Frameworks */ = {isa = PBXBuildFile; fileRef = 611785E7188C7B2F00B99D20 /* Foundation.framework */; };
		61178609188C7B3000B99D20 /* UIKit.framework in Frameworks */ = {isa = PBXBuildFile; fileRef = 611785EB188C7B2F00B99D20 /* UIKit.framework */; };
		61178611188C7B3000B99D20 /* InfoPlist.strings in Resources */ = {isa = PBXBuildFile; fileRef = 6117860F188C7B3000B99D20 /* InfoPlist.strings */; };
		61178613188C7B3000B99D20 /* TemperatureConverterTests.m in Sources */ = {isa = PBXBuildFile; fileRef = 61178612188C7B3000B99D20 /* TemperatureConverterTests.m */; };
/* End PBXBuildFile section */

/* Begin PBXContainerItemProxy section */
		6117860A188C7B3000B99D20 /* PBXContainerItemProxy */ = {
			isa = PBXContainerItemProxy;
			containerPortal = 611785DC188C7B2F00B99D20 /* Project object */;
			proxyType = 1;
			remoteGlobalIDString = 611785E3188C7B2F00B99D20;
			remoteInfo = TemperatureConverter;
		};
/* End PBXContainerItemProxy section */

/* Begin PBXFileReference section */
		611785E4188C7B2F00B99D20 /* TemperatureConverter.app */ = {isa = PBXFileReference; explicitFileType = wrapper.application; includeInIndex = 0; path = TemperatureConverter.app; sourceTree = BUILT_PRODUCTS_DIR; };
		611785E7188C7B2F00B99D20 /* Foundation.framework */ = {isa = PBXFileReference; lastKnownFileType = wrapper.framework; name = Foundation.framework; path = System/Library/Frameworks/Foundation.framework; sourceTree = SDKROOT; };
		611785E9188C7B2F00B99D20 /* CoreGraphics.framework */ = {isa = PBXFileReference; lastKnownFileType = wrapper.framework; name = CoreGraphics.framework; path = System/Library/Frameworks/CoreGraphics.framework; sourceTree = SDKROOT; };
		611785EB188C7B2F00B99D20 /* UIKit.framework */ = {isa = PBXFileReference; lastKnownFileType = wrapper.framework; name = UIKit.framework; path = System/Library/Frameworks/UIKit.framework; sourceTree = SDKROOT; };
		611785EF188C7B2F00B99D20 /* TemperatureConverter-Info.plist */ = {isa = PBXFileReference; lastKnownFileType = text.plist.xml; path = "TemperatureConverter-Info.plist"; sourceTree = "<group>"; };
		611785F1188C7B2F00B99D20 /* en */ = {isa = PBXFileReference; lastKnownFileType = text.plist.strings; name = en; path = en.lproj/InfoPlist.strings; sourceTree = "<group>"; };
		611785F3188C7B2F00B99D20 /* main.m */ = {isa = PBXFileReference; lastKnownFileType = sourcecode.c.objc; path = main.m; sourceTree = "<group>"; };
		611785F5188C7B2F00B99D20 /* TemperatureConverter-Prefix.pch */ = {isa = PBXFileReference; lastKnownFileType = sourcecode.c.h; path = "TemperatureConverter-Prefix.pch"; sourceTree = "<group>"; };
		611785F6188C7B2F00B99D20 /* AppDelegate.h */ = {isa = PBXFileReference; lastKnownFileType = sourcecode.c.h; path = AppDelegate.h; sourceTree = "<group>"; };
		611785F7188C7B2F00B99D20 /* AppDelegate.m */ = {isa = PBXFileReference; lastKnownFileType = sourcecode.c.objc; path = AppDelegate.m; sourceTree = "<group>"; };
		611785FA188C7B2F00B99D20 /* Base */ = {isa = PBXFileReference; lastKnownFileType = file.storyboard; name = Base; path = Base.lproj/Main.storyboard; sourceTree = "<group>"; };
		611785FC188C7B2F00B99D20 /* ViewController.h */ = {isa = PBXFileReference; lastKnownFileType = sourcecode.c.h; path = ViewController.h; sourceTree = "<group>"; };
		611785FD188C7B2F00B99D20 /* ViewController.m */ = {isa = PBXFileReference; lastKnownFileType = sourcecode.c.objc; path = ViewController.m; sourceTree = "<group>"; };
		611785FF188C7B2F00B99D20 /* Images.xcassets */ = {isa = PBXFileReference; lastKnownFileType = folder.assetcatalog; path = Images.xcassets; sourceTree = "<group>"; };
		61178605188C7B3000B99D20 /* TemperatureConverterTests.xctest */ = {isa = PBXFileReference; explicitFileType = wrapper.cfbundle; includeInIndex = 0; path = TemperatureConverterTests.xctest; sourceTree = BUILT_PRODUCTS_DIR; };
		61178606188C7B3000B99D20 /* XCTest.framework */ = {isa = PBXFileReference; lastKnownFileType = wrapper.framework; name = XCTest.framework; path = Library/Frameworks/XCTest.framework; sourceTree = DEVELOPER_DIR; };
		6117860E188C7B3000B99D20 /* TemperatureConverterTests-Info.plist */ = {isa = PBXFileReference; lastKnownFileType = text.plist.xml; path = "TemperatureConverterTests-Info.plist"; sourceTree = "<group>"; };
		61178610188C7B3000B99D20 /* en */ = {isa = PBXFileReference; lastKnownFileType = text.plist.strings; name = en; path = en.lproj/InfoPlist.strings; sourceTree = "<group>"; };
		61178612188C7B3000B99D20 /* TemperatureConverterTests.m */ = {isa = PBXFileReference; lastKnownFileType = sourcecode.c.objc; path = TemperatureConverterTests.m; sourceTree = "<group>"; };
/* End PBXFileReference section */

/* Begin PBXFrameworksBuildPhase section */
		611785E1188C7B2F00B99D20 /* Frameworks */ = {
			isa = PBXFrameworksBuildPhase;
			buildActionMask = 2147483647;
			files = (
				611785EA188C7B2F00B99D20 /* CoreGraphics.framework in Frameworks */,
				611785EC188C7B2F00B99D20 /* UIKit.framework in Frameworks */,
				611785E8188C7B2F00B99D20 /* Foundation.framework in Frameworks */,
			);
			runOnlyForDeploymentPostprocessing = 0;
		};
		61178602188C7B3000B99D20 /* Frameworks */ = {
			isa = PBXFrameworksBuildPhase;
			buildActionMask = 2147483647;
			files = (
				61178607188C7B3000B99D20 /* XCTest.framework in Frameworks */,
				61178609188C7B3000B99D20 /* UIKit.framework in Frameworks */,
				61178608188C7B3000B99D20 /* Foundation.framework in Frameworks */,
			);
			runOnlyForDeploymentPostprocessing = 0;
		};
/* End PBXFrameworksBuildPhase section */

/* Begin PBXGroup section */
		611785DB188C7B2F00B99D20 = {
			isa = PBXGroup;
			children = (
				611785ED188C7B2F00B99D20 /* TemperatureConverter */,
				6117860C188C7B3000B99D20 /* TemperatureConverterTests */,
				611785E6188C7B2F00B99D20 /* Frameworks */,
				611785E5188C7B2F00B99D20 /* Products */,
			);
			sourceTree = "<group>";
		};
		611785E5188C7B2F00B99D20 /* Products */ = {
			isa = PBXGroup;
			children = (
				611785E4188C7B2F00B99D20 /* TemperatureConverter.app */,
				61178605188C7B3000B99D20 /* TemperatureConverterTests.xctest */,
			);
			name = Products;
			sourceTree = "<group>";
		};
		611785E6188C7B2F00B99D20 /* Frameworks */ = {
			isa = PBXGroup;
			children = (
				611785E7188C7B2F00B99D20 /* Foundation.framework */,
				611785E9188C7B2F00B99D20 /* CoreGraphics.framework */,
				611785EB188C7B2F00B99D20 /* UIKit.framework */,
				61178606188C7B3000B99D20 /* XCTest.framework */,
			);
			name = Frameworks;
			sourceTree = "<group>";
		};
		611785ED188C7B2F00B99D20 /* TemperatureConverter */ = {
			isa = PBXGroup;
			children = (
				611785F6188C7B2F00B99D20 /* AppDelegate.h */,
				611785F7188C7B2F00B99D20 /* AppDelegate.m */,
				611785F9188C7B2F00B99D20 /* Main.storyboard */,
				611785FC188C7B2F00B99D20 /* ViewController.h */,
				611785FD188C7B2F00B99D20 /* ViewController.m */,
				611785FF188C7B2F00B99D20 /* Images.xcassets */,
				611785EE188C7B2F00B99D20 /* Supporting Files */,
			);
			path = TemperatureConverter;
			sourceTree = "<group>";
		};
		611785EE188C7B2F00B99D20 /* Supporting Files */ = {
			isa = PBXGroup;
			children = (
				611785EF188C7B2F00B99D20 /* TemperatureConverter-Info.plist */,
				611785F0188C7B2F00B99D20 /* InfoPlist.strings */,
				611785F3188C7B2F00B99D20 /* main.m */,
				611785F5188C7B2F00B99D20 /* TemperatureConverter-Prefix.pch */,
			);
			name = "Supporting Files";
			sourceTree = "<group>";
		};
		6117860C188C7B3000B99D20 /* TemperatureConverterTests */ = {
			isa = PBXGroup;
			children = (
				61178612188C7B3000B99D20 /* TemperatureConverterTests.m */,
				6117860D188C7B3000B99D20 /* Supporting Files */,
			);
			path = TemperatureConverterTests;
			sourceTree = "<group>";
		};
		6117860D188C7B3000B99D20 /* Supporting Files */ = {
			isa = PBXGroup;
			children = (
				6117860E188C7B3000B99D20 /* TemperatureConverterTests-Info.plist */,
				6117860F188C7B3000B99D20 /* InfoPlist.strings */,
			);
			name = "Supporting Files";
			sourceTree = "<group>";
		};
/* End PBXGroup section */

/* Begin PBXNativeTarget section */
		611785E3188C7B2F00B99D20 /* TemperatureConverter */ = {
			isa = PBXNativeTarget;
			buildConfigurationList = 61178616188C7B3000B99D20 /* Build configuration list for PBXNativeTarget "TemperatureConverter" */;
			buildPhases = (
				611785E0188C7B2F00B99D20 /* Sources */,
				611785E1188C7B2F00B99D20 /* Frameworks */,
				611785E2188C7B2F00B99D20 /* Resources */,
			);
			buildRules = (
			);
			dependencies = (
			);
			name = TemperatureConverter;
			productName = TemperatureConverter;
			productReference = 611785E4188C7B2F00B99D20 /* TemperatureConverter.app */;
			productType = "com.apple.product-type.application";
		};
		61178604188C7B3000B99D20 /* TemperatureConverterTests */ = {
			isa = PBXNativeTarget;
			buildConfigurationList = 61178619188C7B3000B99D20 /* Build configuration list for PBXNativeTarget "TemperatureConverterTests" */;
			buildPhases = (
				61178601188C7B3000B99D20 /* Sources */,
				61178602188C7B3000B99D20 /* Frameworks */,
				61178603188C7B3000B99D20 /* Resources */,
			);
			buildRules = (
			);
			dependencies = (
				6117860B188C7B3000B99D20 /* PBXTargetDependency */,
			);
			name = TemperatureConverterTests;
			productName = TemperatureConverterTests;
			productReference = 61178605188C7B3000B99D20 /* TemperatureConverterTests.xctest */;
			productType = "com.apple.product-type.bundle.unit-test";
		};
/* End PBXNativeTarget section */

/* Begin PBXProject section */
		611785DC188C7B2F00B99D20 /* Project object */ = {
			isa = PBXProject;
			attributes = {
				LastUpgradeCheck = 0500;
				ORGANIZATIONNAME = "Adam Tait";
				TargetAttributes = {
					61178604188C7B3000B99D20 = {
						TestTargetID = 611785E3188C7B2F00B99D20;
					};
				};
			};
			buildConfigurationList = 611785DF188C7B2F00B99D20 /* Build configuration list for PBXProject "TemperatureConverter" */;
			compatibilityVersion = "Xcode 3.2";
			developmentRegion = English;
			hasScannedForEncodings = 0;
			knownRegions = (
				en,
				Base,
			);
			mainGroup = 611785DB188C7B2F00B99D20;
			productRefGroup = 611785E5188C7B2F00B99D20 /* Products */;
			projectDirPath = "";
			projectRoot = "";
			targets = (
				611785E3188C7B2F00B99D20 /* TemperatureConverter */,
				61178604188C7B3000B99D20 /* TemperatureConverterTests */,
			);
		};
/* End PBXProject section */

/* Begin PBXResourcesBuildPhase section */
		611785E2188C7B2F00B99D20 /* Resources */ = {
			isa = PBXResourcesBuildPhase;
			buildActionMask = 2147483647;
			files = (
				61178600188C7B2F00B99D20 /* Images.xcassets in Resources */,
				611785F2188C7B2F00B99D20 /* InfoPlist.strings in Resources */,
				611785FB188C7B2F00B99D20 /* Main.storyboard in Resources */,
			);
			runOnlyForDeploymentPostprocessing = 0;
		};
		61178603188C7B3000B99D20 /* Resources */ = {
			isa = PBXResourcesBuildPhase;
			buildActionMask = 2147483647;
			files = (
				61178611188C7B3000B99D20 /* InfoPlist.strings in Resources */,
			);
			runOnlyForDeploymentPostprocessing = 0;
		};
/* End PBXResourcesBuildPhase section */

/* Begin PBXSourcesBuildPhase section */
		611785E0188C7B2F00B99D20 /* Sources */ = {
			isa = PBXSourcesBuildPhase;
			buildActionMask = 2147483647;
			files = (
				611785FE188C7B2F00B99D20 /* ViewController.m in Sources */,
				611785F8188C7B2F00B99D20 /* AppDelegate.m in Sources */,
				611785F4188C7B2F00B99D20 /* main.m in Sources */,
			);
			runOnlyForDeploymentPostprocessing = 0;
		};
		61178601188C7B3000B99D20 /* Sources */ = {
			isa = PBXSourcesBuildPhase;
			buildActionMask = 2147483647;
			files = (
				61178613188C7B3000B99D20 /* TemperatureConverterTests.m in Sources */,
			);
			runOnlyForDeploymentPostprocessing = 0;
		};
/* End PBXSourcesBuildPhase section */

/* Begin PBXTargetDependency section */
		6117860B188C7B3000B99D20 /* PBXTargetDependency */ = {
			isa = PBXTargetDependency;
			target = 611785E3188C7B2F00B99D20 /* TemperatureConverter */;
			targetProxy = 6117860A188C7B3000B99D20 /* PBXContainerItemProxy */;
		};
/* End PBXTargetDependency section */

/* Begin PBXVariantGroup section */
		611785F0188C7B2F00B99D20 /* InfoPlist.strings */ = {
			isa = PBXVariantGroup;
			children = (
				611785F1188C7B2F00B99D20 /* en */,
			);
			name = InfoPlist.strings;
			sourceTree = "<group>";
		};
		611785F9188C7B2F00B99D20 /* Main.storyboard */ = {
			isa = PBXVariantGroup;
			children = (
				611785FA188C7B2F00B99D20 /* Base */,
			);
			name = Main.storyboard;
			sourceTree = "<group>";
		};
		6117860F188C7B3000B99D20 /* InfoPlist.strings */ = {
			isa = PBXVariantGroup;
			children = (
				61178610188C7B3000B99D20 /* en */,
			);
			name = InfoPlist.strings;
			sourceTree = "<group>";
		};
/* End PBXVariantGroup section */

/* Begin XCBuildConfiguration section */
		61178614188C7B3000B99D20 /* Debug */ = {
			isa = XCBuildConfiguration;
			buildSettings = {
				ALWAYS_SEARCH_USER_PATHS = NO;
				ARCHS = "$(ARCHS_STANDARD_INCLUDING_64_BIT)";
				CLANG_CXX_LANGUAGE_STANDARD = "gnu++0x";
				CLANG_CXX_LIBRARY = "libc++";
				CLANG_ENABLE_MODULES = YES;
				CLANG_ENABLE_OBJC_ARC = YES;
				CLANG_WARN_BOOL_CONVERSION = YES;
				CLANG_WARN_CONSTANT_CONVERSION = YES;
				CLANG_WARN_DIRECT_OBJC_ISA_USAGE = YES_ERROR;
				CLANG_WARN_EMPTY_BODY = YES;
				CLANG_WARN_ENUM_CONVERSION = YES;
				CLANG_WARN_INT_CONVERSION = YES;
				CLANG_WARN_OBJC_ROOT_CLASS = YES_ERROR;
				CLANG_WARN__DUPLICATE_METHOD_MATCH = YES;
				"CODE_SIGN_IDENTITY[sdk=iphoneos*]" = "iPhone Developer";
				COPY_PHASE_STRIP = NO;
				GCC_C_LANGUAGE_STANDARD = gnu99;
				GCC_DYNAMIC_NO_PIC = NO;
				GCC_OPTIMIZATION_LEVEL = 0;
				GCC_PREPROCESSOR_DEFINITIONS = (
					"DEBUG=1",
					"$(inherited)",
				);
				GCC_SYMBOLS_PRIVATE_EXTERN = NO;
				GCC_WARN_64_TO_32_BIT_CONVERSION = YES;
				GCC_WARN_ABOUT_RETURN_TYPE = YES_ERROR;
				GCC_WARN_UNDECLARED_SELECTOR = YES;
				GCC_WARN_UNINITIALIZED_AUTOS = YES;
				GCC_WARN_UNUSED_FUNCTION = YES;
				GCC_WARN_UNUSED_VARIABLE = YES;
				IPHONEOS_DEPLOYMENT_TARGET = 7.0;
				ONLY_ACTIVE_ARCH = YES;
				SDKROOT = iphoneos;
			};
			name = Debug;
		};
		61178615188C7B3000B99D20 /* Release */ = {
			isa = XCBuildConfiguration;
			buildSettings = {
				ALWAYS_SEARCH_USER_PATHS = NO;
				ARCHS = "$(ARCHS_STANDARD_INCLUDING_64_BIT)";
				CLANG_CXX_LANGUAGE_STANDARD = "gnu++0x";
				CLANG_CXX_LIBRARY = "libc++";
				CLANG_ENABLE_MODULES = YES;
				CLANG_ENABLE_OBJC_ARC = YES;
				CLANG_WARN_BOOL_CONVERSION = YES;
				CLANG_WARN_CONSTANT_CONVERSION = YES;
				CLANG_WARN_DIRECT_OBJC_ISA_USAGE = YES_ERROR;
				CLANG_WARN_EMPTY_BODY = YES;
				CLANG_WARN_ENUM_CONVERSION = YES;
				CLANG_WARN_INT_CONVERSION = YES;
				CLANG_WARN_OBJC_ROOT_CLASS = YES_ERROR;
				CLANG_WARN__DUPLICATE_METHOD_MATCH = YES;
				"CODE_SIGN_IDENTITY[sdk=iphoneos*]" = "iPhone Developer";
				COPY_PHASE_STRIP = YES;
				ENABLE_NS_ASSERTIONS = NO;
				GCC_C_LANGUAGE_STANDARD = gnu99;
				GCC_WARN_64_TO_32_BIT_CONVERSION = YES;
				GCC_WARN_ABOUT_RETURN_TYPE = YES_ERROR;
				GCC_WARN_UNDECLARED_SELECTOR = YES;
				GCC_WARN_UNINITIALIZED_AUTOS = YES;
				GCC_WARN_UNUSED_FUNCTION = YES;
				GCC_WARN_UNUSED_VARIABLE = YES;
				IPHONEOS_DEPLOYMENT_TARGET = 7.0;
				SDKROOT = iphoneos;
				VALIDATE_PRODUCT = YES;
			};
			name = Release;
		};
		61178617188C7B3000B99D20 /* Debug */ = {
			isa = XCBuildConfiguration;
			buildSettings = {
				ASSETCATALOG_COMPILER_APPICON_NAME = AppIcon;
				ASSETCATALOG_COMPILER_LAUNCHIMAGE_NAME = LaunchImage;
				GCC_PRECOMPILE_PREFIX_HEADER = YES;
				GCC_PREFIX_HEADER = "TemperatureConverter/TemperatureConverter-Prefix.pch";
				INFOPLIST_FILE = "TemperatureConverter/TemperatureConverter-Info.plist";
				PRODUCT_NAME = "$(TARGET_NAME)";
				WRAPPER_EXTENSION = app;
			};
			name = Debug;
		};
		61178618188C7B3000B99D20 /* Release */ = {
			isa = XCBuildConfiguration;
			buildSettings = {
				ASSETCATALOG_COMPILER_APPICON_NAME = AppIcon;
				ASSETCATALOG_COMPILER_LAUNCHIMAGE_NAME = LaunchImage;
				GCC_PRECOMPILE_PREFIX_HEADER = YES;
				GCC_PREFIX_HEADER = "TemperatureConverter/TemperatureConverter-Prefix.pch";
				INFOPLIST_FILE = "TemperatureConverter/TemperatureConverter-Info.plist";
				PRODUCT_NAME = "$(TARGET_NAME)";
				WRAPPER_EXTENSION = app;
			};
			name = Release;
		};
		6117861A188C7B3000B99D20 /* Debug */ = {
			isa = XCBuildConfiguration;
			buildSettings = {
				ARCHS = "$(ARCHS_STANDARD_INCLUDING_64_BIT)";
				BUNDLE_LOADER = "$(BUILT_PRODUCTS_DIR)/TemperatureConverter.app/TemperatureConverter";
				FRAMEWORK_SEARCH_PATHS = (
					"$(SDKROOT)/Developer/Library/Frameworks",
					"$(inherited)",
					"$(DEVELOPER_FRAMEWORKS_DIR)",
				);
				GCC_PRECOMPILE_PREFIX_HEADER = YES;
				GCC_PREFIX_HEADER = "TemperatureConverter/TemperatureConverter-Prefix.pch";
				GCC_PREPROCESSOR_DEFINITIONS = (
					"DEBUG=1",
					"$(inherited)",
				);
				INFOPLIST_FILE = "TemperatureConverterTests/TemperatureConverterTests-Info.plist";
				PRODUCT_NAME = "$(TARGET_NAME)";
				TEST_HOST = "$(BUNDLE_LOADER)";
				WRAPPER_EXTENSION = xctest;
			};
			name = Debug;
		};
		6117861B188C7B3000B99D20 /* Release */ = {
			isa = XCBuildConfiguration;
			buildSettings = {
				ARCHS = "$(ARCHS_STANDARD_INCLUDING_64_BIT)";
				BUNDLE_LOADER = "$(BUILT_PRODUCTS_DIR)/TemperatureConverter.app/TemperatureConverter";
				FRAMEWORK_SEARCH_PATHS = (
					"$(SDKROOT)/Developer/Library/Frameworks",
					"$(inherited)",
					"$(DEVELOPER_FRAMEWORKS_DIR)",
				);
				GCC_PRECOMPILE_PREFIX_HEADER = YES;
				GCC_PREFIX_HEADER = "TemperatureConverter/TemperatureConverter-Prefix.pch";
				INFOPLIST_FILE = "TemperatureConverterTests/TemperatureConverterTests-Info.plist";
				PRODUCT_NAME = "$(TARGET_NAME)";
				TEST_HOST = "$(BUNDLE_LOADER)";
				WRAPPER_EXTENSION = xctest;
			};
			name = Release;
		};
/* End XCBuildConfiguration section */

/* Begin XCConfigurationList section */
		611785DF188C7B2F00B99D20 /* Build configuration list for PBXProject "TemperatureConverter" */ = {
			isa = XCConfigurationList;
			buildConfigurations = (
				61178614188C7B3000B99D20 /* Debug */,
				61178615188C7B3000B99D20 /* Release */,
			);
			defaultConfigurationIsVisible = 0;
			defaultConfigurationName = Release;
		};
		61178616188C7B3000B99D20 /* Build configuration list for PBXNativeTarget "TemperatureConverter" */ = {
			isa = XCConfigurationList;
			buildConfigurations = (
				61178617188C7B3000B99D20 /* Debug */,
				61178618188C7B3000B99D20 /* Release */,
			);
			defaultConfigurationIsVisible = 0;
		};
		61178619188C7B3000B99D20 /* Build configuration list for PBXNativeTarget "TemperatureConverterTests" */ = {
			isa = XCConfigurationList;
			buildConfigurations = (
				6117861A188C7B3000B99D20 /* Debug */,
				6117861B188C7B3000B99D20 /* Release */,
			);
			defaultConfigurationIsVisible = 0;
		};
/* End XCConfigurationList section */
	};
	rootObject = 611785DC188C7B2F00B99D20 /* Project object */;
}
